{
  "nodes": {
    "flake-compat": {
      "flake": false,
      "locked": {
        "lastModified": 1673956053,
        "narHash": "sha256-4gtG9iQuiKITOjNQQeQIpoIB6b16fm+504Ch3sNKLd8=",
        "owner": "edolstra",
        "repo": "flake-compat",
        "rev": "35bb57c0c8d8b62bbfd284272c928ceb64ddbde9",
        "type": "github"
      },
      "original": {
        "owner": "edolstra",
        "repo": "flake-compat",
        "type": "github"
      }
    },
    "flake-utils": {
      "locked": {
        "lastModified": 1667395993,
        "narHash": "sha256-nuEHfE/LcWyuSWnS8t12N1wc105Qtau+/OdUAjtQ0rA=",
        "owner": "numtide",
        "repo": "flake-utils",
        "rev": "5aed5285a952e0b949eb3ba02c12fa4fcfef535f",
        "type": "github"
      },
      "original": {
        "owner": "numtide",
        "repo": "flake-utils",
        "type": "github"
      }
    },
    "nixpkgs": {
      "locked": {
        "lastModified": 1674361931,
        "narHash": "sha256-lUIZItHbW+LmJAz9V9puLq2rHlewcUgg1RPehkQIkzc=",
        "owner": "NixOS",
        "repo": "nixpkgs",
        "rev": "ef479383e13698c8d5ccf8a608485dc8ce1d4f80",
        "type": "github"
      },
      "original": {
        "id": "nixpkgs",
        "ref": "nixpkgs-unstable",
        "type": "indirect"
      }
    },
    "qchem": {
      "inputs": {
        "nixpkgs": [
          "nixpkgs"
        ]
      },
      "locked": {
        "lastModified": 1674567970,
        "narHash": "sha256-/DtdGuA0UEDiyuq/OxOQs5crlt6FncxqasMFO8R2fxA=",
        "owner": "markuskowa",
        "repo": "nixos-qchem",
        "rev": "84151d5a8079e5ef2fbbdc6e4a02e5a392f1898b",
        "type": "github"
      },
      "original": {
        "owner": "markuskowa",
        "ref": "master",
        "repo": "nixos-qchem",
        "type": "github"
      }
    },
    "root": {
      "inputs": {
        "flake-compat": "flake-compat",
        "flake-utils": "flake-utils",
        "nixpkgs": "nixpkgs",
        "qchem": "qchem"
      }
    }
  },
  "root": "root",
  "version": 7
}
