{
  "nodes": {
    "flake-compat": {
      "flake": false,
      "locked": {
        "lastModified": 1648199409,
        "narHash": "sha256-JwPKdC2PoVBkG6E+eWw3j6BMR6sL3COpYWfif7RVb8Y=",
        "owner": "edolstra",
        "repo": "flake-compat",
        "rev": "64a525ee38886ab9028e6f61790de0832aa3ef03",
        "type": "github"
      },
      "original": {
        "owner": "edolstra",
        "repo": "flake-compat",
        "type": "github"
      }
    },
    "flake-utils": {
      "locked": {
        "lastModified": 1649676176,
        "narHash": "sha256-OWKJratjt2RW151VUlJPRALb7OU2S5s+f0vLj4o1bHM=",
        "owner": "numtide",
        "repo": "flake-utils",
        "rev": "a4b154ebbdc88c8498a5c7b01589addc9e9cb678",
        "type": "github"
      },
      "original": {
        "owner": "numtide",
        "repo": "flake-utils",
        "type": "github"
      }
    },
    "nixpkgs": {
      "locked": {
        "lastModified": 1649843365,
        "narHash": "sha256-nm25C0Y3rxE4xkXVdrdX9BP1QABh5VMFOWKvDWpk73o=",
        "owner": "NixOS",
        "repo": "nixpkgs",
        "rev": "0343e3415784b2cd9c68924294794f7dbee12ab3",
        "type": "github"
      },
      "original": {
        "id": "nixpkgs",
        "ref": "nixpkgs-unstable",
        "type": "indirect"
      }
    },
    "nixpkgs_2": {
      "locked": {
        "lastModified": 1647887150,
        "narHash": "sha256-1TnRvE3qhhafrQnGapaaSVue6nEwRUICkz227TfHHQw=",
        "owner": "NixOS",
        "repo": "nixpkgs",
        "rev": "4c3c80df545ec5cb26b5480979c3e3f93518cbe5",
        "type": "github"
      },
      "original": {
        "owner": "NixOS",
        "ref": "nixpkgs-unstable",
        "repo": "nixpkgs",
        "type": "github"
      }
    },
    "qchem": {
      "inputs": {
        "nixpkgs": "nixpkgs_2"
      },
      "locked": {
        "lastModified": 1648822489,
        "narHash": "sha256-i8antd9ChbrJzSdwhw9A415HIAtGtRAe1rXWB1r9yo0=",
        "owner": "markuskowa",
        "repo": "nixos-qchem",
        "rev": "f7835c4132509eb8d8508fa51b67bc3c7493aa13",
        "type": "github"
      },
      "original": {
        "owner": "markuskowa",
        "ref": "master",
        "repo": "nixos-qchem",
        "type": "github"
      }
    },
    "root": {
      "inputs": {
        "flake-compat": "flake-compat",
        "flake-utils": "flake-utils",
        "nixpkgs": "nixpkgs",
        "qchem": "qchem"
      }
    }
  },
  "root": "root",
  "version": 7
}
